
Microsoft Visual Studio Solution File, Format Version 12.00
# Visual Studio Version 16
VisualStudioVersion = 16.0.29020.237
MinimumVisualStudioVersion = 10.0.40219.1
Project("{F184B08F-C81C-45F6-A57F-5ABD9991F28F}") = "Chapter02TryOut01", "Chapter02TryOut01\Chapter02TryOut01.vbproj", "{B73B0843-9641-4257-BAA9-B53CCD9034BF}"
EndProject
Global
	GlobalSection(SolutionConfigurationPlatforms) = preSolution
		Debug|Any CPU = Debug|Any CPU
		Release|Any CPU = Release|Any CPU
	EndGlobalSection
	GlobalSection(ProjectConfigurationPlatforms) = postSolution
		{B73B0843-9641-4257-BAA9-B53CCD9034BF}.Debug|Any CPU.ActiveCfg = Debug|Any CPU
		{B73B0843-9641-4257-BAA9-B53CCD9034BF}.Debug|Any CPU.Build.0 = Debug|Any CPU
		{B73B0843-9641-4257-BAA9-B53CCD9034BF}.Release|Any CPU.ActiveCfg = Release|Any CPU
		{B73B0843-9641-4257-BAA9-B53CCD9034BF}.Release|Any CPU.Build.0 = Release|Any CPU
	EndGlobalSection
	GlobalSection(SolutionProperties) = preSolution
		HideSolutionNode = FALSE
	EndGlobalSection
	GlobalSection(ExtensibilityGlobals) = postSolution
		SolutionGuid = {18BB065B-CE7D-4D82-A744-FB9FFA7D2A8C}
	EndGlobalSection
EndGlobal
